
Microsoft Visual Studio Solution File, Format Version 12.00
# Visual Studio 2012
Project("{FAE04EC0-301F-11D3-BF4B-00C04F79EFBC}") = "AnalisisXP", "AnalisisXP\AnalisisXP.csproj", "{7F7C929A-1978-4A3F-AA40-C3F0D8147E05}"
EndProject
Project("{FAE04EC0-301F-11D3-BF4B-00C04F79EFBC}") = "DAL", "DAL\DAL.csproj", "{15D0EA50-E97A-4AA6-8FD2-69D854D31778}"
EndProject
Global
	GlobalSection(SolutionConfigurationPlatforms) = preSolution
		Debug|Any CPU = Debug|Any CPU
		Release|Any CPU = Release|Any CPU
	EndGlobalSection
	GlobalSection(ProjectConfigurationPlatforms) = postSolution
		{7F7C929A-1978-4A3F-AA40-C3F0D8147E05}.Debug|Any CPU.ActiveCfg = Debug|Any CPU
		{7F7C929A-1978-4A3F-AA40-C3F0D8147E05}.Debug|Any CPU.Build.0 = Debug|Any CPU
		{7F7C929A-1978-4A3F-AA40-C3F0D8147E05}.Release|Any CPU.ActiveCfg = Release|Any CPU
		{7F7C929A-1978-4A3F-AA40-C3F0D8147E05}.Release|Any CPU.Build.0 = Release|Any CPU
		{15D0EA50-E97A-4AA6-8FD2-69D854D31778}.Debug|Any CPU.ActiveCfg = Debug|Any CPU
		{15D0EA50-E97A-4AA6-8FD2-69D854D31778}.Debug|Any CPU.Build.0 = Debug|Any CPU
		{15D0EA50-E97A-4AA6-8FD2-69D854D31778}.Release|Any CPU.ActiveCfg = Release|Any CPU
		{15D0EA50-E97A-4AA6-8FD2-69D854D31778}.Release|Any CPU.Build.0 = Release|Any CPU
	EndGlobalSection
	GlobalSection(SolutionProperties) = preSolution
		HideSolutionNode = FALSE
	EndGlobalSection
EndGlobal
